Microsoft Visual Studio Solution File, Format Version 12.00
# Visual Studio Version 17
VisualStudioVersion = 17.5.2.0
MinimumVisualStudioVersion = 10.0.40219.1
Project("{FAE04EC0-301F-11D3-BF4B-00C04F79EFBC}") = "open-consult-challenge", "open-consult-challenge.csproj", "{7A16BB40-6FDF-B742-8446-CEBD81006839}"
EndProject
Global
	GlobalSection(SolutionConfigurationPlatforms) = preSolution
		Debug|Any CPU = Debug|Any CPU
		Release|Any CPU = Release|Any CPU
	EndGlobalSection
	GlobalSection(ProjectConfigurationPlatforms) = postSolution
		{7A16BB40-6FDF-B742-8446-CEBD81006839}.Debug|Any CPU.ActiveCfg = Debug|Any CPU
		{7A16BB40-6FDF-B742-8446-CEBD81006839}.Debug|Any CPU.Build.0 = Debug|Any CPU
		{7A16BB40-6FDF-B742-8446-CEBD81006839}.Release|Any CPU.ActiveCfg = Release|Any CPU
		{7A16BB40-6FDF-B742-8446-CEBD81006839}.Release|Any CPU.Build.0 = Release|Any CPU
	EndGlobalSection
	GlobalSection(SolutionProperties) = preSolution
		HideSolutionNode = FALSE
	EndGlobalSection
	GlobalSection(ExtensibilityGlobals) = postSolution
		SolutionGuid = {22DDD54C-102E-4C23-8F6D-65F4F5E6A45A}
	EndGlobalSection
EndGlobal
